
Microsoft Visual Studio Solution File, Format Version 12.00
# Visual Studio Version 17
VisualStudioVersion = 17.0.32014.148
MinimumVisualStudioVersion = 10.0.40219.1
Project("{9A19103F-16F7-4668-BE54-9A1E7A4F7556}") = "WorkSafe_BE", "WorkSafe_BE\WorkSafe_BE.csproj", "{A5536985-4380-4217-9B15-DB1AA293C3DE}"
EndProject
Project("{54A90642-561A-4BB1-A94E-469ADEE60C69}") = "WorkSafe_FE", "WorkSafe_FE\WorkSafe_FE.esproj", "{D14E0530-CE83-4433-8AE9-E4004C849174}"
EndProject
Project("{FAE04EC0-301F-11D3-BF4B-00C04F79EFBC}") = "WorkSafe_Tests", "WorkSafe_Tests\WorkSafe_Tests.csproj", "{46E463C7-4553-4D4F-97F8-E27E54E8BCA6}"
EndProject
Global
	GlobalSection(SolutionConfigurationPlatforms) = preSolution
		Debug|Any CPU = Debug|Any CPU
		Release|Any CPU = Release|Any CPU
	EndGlobalSection
	GlobalSection(ProjectConfigurationPlatforms) = postSolution
		{A5536985-4380-4217-9B15-DB1AA293C3DE}.Debug|Any CPU.ActiveCfg = Debug|Any CPU
		{A5536985-4380-4217-9B15-DB1AA293C3DE}.Debug|Any CPU.Build.0 = Debug|Any CPU
		{A5536985-4380-4217-9B15-DB1AA293C3DE}.Release|Any CPU.ActiveCfg = Release|Any CPU
		{A5536985-4380-4217-9B15-DB1AA293C3DE}.Release|Any CPU.Build.0 = Release|Any CPU
		{D14E0530-CE83-4433-8AE9-E4004C849174}.Debug|Any CPU.ActiveCfg = Debug|Any CPU
		{D14E0530-CE83-4433-8AE9-E4004C849174}.Debug|Any CPU.Build.0 = Debug|Any CPU
		{D14E0530-CE83-4433-8AE9-E4004C849174}.Debug|Any CPU.Deploy.0 = Debug|Any CPU
		{D14E0530-CE83-4433-8AE9-E4004C849174}.Release|Any CPU.ActiveCfg = Release|Any CPU
		{D14E0530-CE83-4433-8AE9-E4004C849174}.Release|Any CPU.Build.0 = Release|Any CPU
		{D14E0530-CE83-4433-8AE9-E4004C849174}.Release|Any CPU.Deploy.0 = Release|Any CPU
		{46E463C7-4553-4D4F-97F8-E27E54E8BCA6}.Debug|Any CPU.ActiveCfg = Debug|Any CPU
		{46E463C7-4553-4D4F-97F8-E27E54E8BCA6}.Debug|Any CPU.Build.0 = Debug|Any CPU
		{46E463C7-4553-4D4F-97F8-E27E54E8BCA6}.Release|Any CPU.ActiveCfg = Release|Any CPU
		{46E463C7-4553-4D4F-97F8-E27E54E8BCA6}.Release|Any CPU.Build.0 = Release|Any CPU
	EndGlobalSection
	GlobalSection(SolutionProperties) = preSolution
		HideSolutionNode = FALSE
	EndGlobalSection
	GlobalSection(ExtensibilityGlobals) = postSolution
		SolutionGuid = {FBF0723A-AF37-4862-AB6F-8F367BE244C3}
	EndGlobalSection
EndGlobal
